{
  "version": 4,
  "terraform_version": "0.12.18",
  "serial": 62,
  "lineage": "c968f3ed-5d2f-24c8-ea94-9606a95ed225",
  "outputs": {},
  "resources": [
    {
      "mode": "managed",
      "type": "docker_container",
      "name": "elasticsearch-tf",
      "provider": "provider.docker",
      "instances": [
        {
          "schema_version": 1,
          "attributes": {
            "attach": false,
            "bridge": "",
            "capabilities": [],
            "command": null,
            "container_logs": null,
            "cpu_set": null,
            "cpu_shares": null,
            "destroy_grace_seconds": null,
            "devices": [],
            "dns": null,
            "dns_opts": null,
            "dns_search": null,
            "domainname": null,
            "entrypoint": null,
            "env": [
              "discovery.type=single-node"
            ],
            "exit_code": null,
            "gateway": "172.20.0.1",
            "group_add": null,
            "healthcheck": [],
            "host": [],
            "hostname": null,
            "id": "ff7bdf0263936fb3012845afe1ddebae614760447d53ab3437cbb6d4100af09f",
            "image": "docker.elastic.co/elasticsearch/elasticsearch:7.4.2",
            "ip_address": "172.20.0.2",
            "ip_prefix_length": 16,
            "ipc_mode": null,
            "labels": null,
            "links": null,
            "log_driver": "json-file",
            "log_opts": null,
            "logs": false,
            "max_retry_count": null,
            "memory": null,
            "memory_swap": null,
            "mounts": [],
            "must_run": true,
            "name": "elasticsearch",
            "network_alias": null,
            "network_data": [
              {
                "gateway": "172.20.0.1",
                "ip_address": "172.20.0.2",
                "ip_prefix_length": 16,
                "network_name": "esnet"
              }
            ],
            "network_mode": null,
            "networks": null,
            "networks_advanced": [
              {
                "aliases": [],
                "ipv4_address": "",
                "ipv6_address": "",
                "name": "esnet"
              }
            ],
            "pid_mode": null,
            "ports": [
              {
                "external": 9200,
                "internal": 9200,
                "ip": "0.0.0.0",
                "protocol": "tcp"
              },
              {
                "external": 9300,
                "internal": 9300,
                "ip": "0.0.0.0",
                "protocol": "tcp"
              }
            ],
            "privileged": null,
            "publish_all_ports": null,
            "read_only": false,
            "restart": "no",
            "rm": false,
            "shm_size": null,
            "start": true,
            "sysctls": null,
            "tmpfs": null,
            "ulimit": [
              {
                "hard": -1,
                "name": "memlock",
                "soft": -1
              }
            ],
            "upload": [],
            "user": null,
            "userns_mode": null,
            "volumes": [
              {
                "container_path": "/usr/share/elasticsearch/data",
                "from_container": "",
                "host_path": "",
                "read_only": false,
                "volume_name": "esdata1"
              }
            ],
            "working_dir": null
          },
          "private": "eyJzY2hlbWFfdmVyc2lvbiI6IjEifQ=="
        }
      ]
    },
    {
      "mode": "managed",
      "type": "docker_container",
      "name": "filebeat-tf",
      "provider": "provider.docker",
      "instances": [
        {
          "schema_version": 1,
          "attributes": {
            "attach": false,
            "bridge": "",
            "capabilities": [],
            "command": [
              "--strict.perms=false"
            ],
            "container_logs": null,
            "cpu_set": null,
            "cpu_shares": null,
            "destroy_grace_seconds": null,
            "devices": [],
            "dns": null,
            "dns_opts": null,
            "dns_search": null,
            "domainname": null,
            "entrypoint": null,
            "env": null,
            "exit_code": null,
            "gateway": "",
            "group_add": null,
            "healthcheck": [],
            "host": [],
            "hostname": null,
            "id": "51b091c2d77c6c15152628b6649d8f0e3d1f9cd31c6e5f30575f786b06ad9d27",
            "image": "docker.elastic.co/beats/filebeat:7.4.2",
            "ip_address": "",
            "ip_prefix_length": 0,
            "ipc_mode": null,
            "labels": null,
            "links": null,
            "log_driver": "json-file",
            "log_opts": null,
            "logs": false,
            "max_retry_count": null,
            "memory": null,
            "memory_swap": null,
            "mounts": [],
            "must_run": true,
            "name": "filebeat-host",
            "network_alias": null,
            "network_data": [
              {
                "gateway": "",
                "ip_address": "",
                "ip_prefix_length": 0,
                "network_name": "host"
              }
            ],
            "network_mode": "host",
            "networks": null,
            "networks_advanced": [],
            "pid_mode": null,
            "ports": [],
            "privileged": null,
            "publish_all_ports": null,
            "read_only": false,
            "restart": "no",
            "rm": false,
            "shm_size": null,
            "start": true,
            "sysctls": null,
            "tmpfs": null,
            "ulimit": [],
            "upload": [],
            "user": "root",
            "userns_mode": null,
            "volumes": [
              {
                "container_path": "/usr/share/filebeat/filebeat.yml",
                "from_container": "",
                "host_path": "/home/ftravaglia/work/docker/beats/filebeats/filebeat.yml",
                "read_only": true,
                "volume_name": ""
              },
              {
                "container_path": "/usr/share/filebeat/log-host/",
                "from_container": "",
                "host_path": "/home/ftravaglia/work/logs/",
                "read_only": true,
                "volume_name": ""
              },
              {
                "container_path": "/var/lib/docker/containers",
                "from_container": "",
                "host_path": "/var/lib/docker/containers",
                "read_only": true,
                "volume_name": ""
              },
              {
                "container_path": "/var/run/docker.sock",
                "from_container": "",
                "host_path": "/var/run/docker.sock",
                "read_only": true,
                "volume_name": ""
              }
            ],
            "working_dir": null
          },
          "private": "eyJzY2hlbWFfdmVyc2lvbiI6IjEifQ=="
        }
      ]
    },
    {
      "mode": "managed",
      "type": "docker_container",
      "name": "kibana-tf",
      "provider": "provider.docker",
      "instances": [
        {
          "schema_version": 1,
          "attributes": {
            "attach": false,
            "bridge": "",
            "capabilities": [],
            "command": null,
            "container_logs": null,
            "cpu_set": null,
            "cpu_shares": null,
            "destroy_grace_seconds": null,
            "devices": [],
            "dns": null,
            "dns_opts": null,
            "dns_search": null,
            "domainname": null,
            "entrypoint": null,
            "env": null,
            "exit_code": null,
            "gateway": "172.20.0.1",
            "group_add": null,
            "healthcheck": [],
            "host": [],
            "hostname": null,
            "id": "c73f96dcda993f35e2b12f8572fa83a5e1f0a43173f96a863404f52c24a72efb",
            "image": "docker.elastic.co/kibana/kibana:7.4.2",
            "ip_address": "172.20.0.4",
            "ip_prefix_length": 16,
            "ipc_mode": null,
            "labels": null,
            "links": null,
            "log_driver": "json-file",
            "log_opts": null,
            "logs": false,
            "max_retry_count": null,
            "memory": null,
            "memory_swap": null,
            "mounts": [],
            "must_run": true,
            "name": "kibana",
            "network_alias": null,
            "network_data": [
              {
                "gateway": "172.20.0.1",
                "ip_address": "172.20.0.4",
                "ip_prefix_length": 16,
                "network_name": "esnet"
              }
            ],
            "network_mode": null,
            "networks": null,
            "networks_advanced": [
              {
                "aliases": [],
                "ipv4_address": "",
                "ipv6_address": "",
                "name": "esnet"
              }
            ],
            "pid_mode": null,
            "ports": [
              {
                "external": 5601,
                "internal": 5601,
                "ip": "0.0.0.0",
                "protocol": "tcp"
              }
            ],
            "privileged": null,
            "publish_all_ports": null,
            "read_only": false,
            "restart": "no",
            "rm": false,
            "shm_size": null,
            "start": true,
            "sysctls": null,
            "tmpfs": null,
            "ulimit": [],
            "upload": [],
            "user": null,
            "userns_mode": null,
            "volumes": [
              {
                "container_path": "/usr/share/kibana/config/kibana.yml",
                "from_container": "",
                "host_path": "/home/ftravaglia/work/docker/elk/kibana-config/kibana.yml",
                "read_only": false,
                "volume_name": ""
              }
            ],
            "working_dir": null
          },
          "private": "eyJzY2hlbWFfdmVyc2lvbiI6IjEifQ==",
          "dependencies": [
            "docker_container.elasticsearch-tf",
            "docker_container.logstash-tf"
          ]
        }
      ]
    },
    {
      "mode": "managed",
      "type": "docker_container",
      "name": "logstash-tf",
      "provider": "provider.docker",
      "instances": [
        {
          "schema_version": 1,
          "attributes": {
            "attach": false,
            "bridge": "",
            "capabilities": [],
            "command": null,
            "container_logs": null,
            "cpu_set": null,
            "cpu_shares": null,
            "destroy_grace_seconds": null,
            "devices": [],
            "dns": null,
            "dns_opts": null,
            "dns_search": null,
            "domainname": null,
            "entrypoint": null,
            "env": null,
            "exit_code": null,
            "gateway": "172.20.0.1",
            "group_add": null,
            "healthcheck": [],
            "host": [],
            "hostname": null,
            "id": "93b0e3baf9de7d41634ef256639d9cfe11f84905351af029656645c73587ba6e",
            "image": "docker.elastic.co/logstash/logstash:7.4.2",
            "ip_address": "172.20.0.3",
            "ip_prefix_length": 16,
            "ipc_mode": null,
            "labels": null,
            "links": null,
            "log_driver": "json-file",
            "log_opts": null,
            "logs": false,
            "max_retry_count": null,
            "memory": null,
            "memory_swap": null,
            "mounts": [],
            "must_run": true,
            "name": "logstash",
            "network_alias": null,
            "network_data": [
              {
                "gateway": "172.20.0.1",
                "ip_address": "172.20.0.3",
                "ip_prefix_length": 16,
                "network_name": "esnet"
              }
            ],
            "network_mode": null,
            "networks": null,
            "networks_advanced": [
              {
                "aliases": [],
                "ipv4_address": "",
                "ipv6_address": "",
                "name": "esnet"
              }
            ],
            "pid_mode": null,
            "ports": [
              {
                "external": 5000,
                "internal": 5000,
                "ip": "0.0.0.0",
                "protocol": "tcp"
              },
              {
                "external": 5044,
                "internal": 5044,
                "ip": "0.0.0.0",
                "protocol": "tcp"
              },
              {
                "external": 9600,
                "internal": 9600,
                "ip": "0.0.0.0",
                "protocol": "tcp"
              }
            ],
            "privileged": null,
            "publish_all_ports": null,
            "read_only": false,
            "restart": "no",
            "rm": false,
            "shm_size": null,
            "start": true,
            "sysctls": null,
            "tmpfs": null,
            "ulimit": [],
            "upload": [],
            "user": null,
            "userns_mode": null,
            "volumes": [
              {
                "container_path": "/usr/share/logstash/config/logstash.yml",
                "from_container": "",
                "host_path": "/home/ftravaglia/work/docker/elk/logstash-config/logstash.yml",
                "read_only": false,
                "volume_name": ""
              },
              {
                "container_path": "/usr/share/logstash/pipeline/logstash.conf",
                "from_container": "",
                "host_path": "/home/ftravaglia/work/docker/elk/logstash-config/logstash.conf",
                "read_only": false,
                "volume_name": ""
              }
            ],
            "working_dir": null
          },
          "private": "eyJzY2hlbWFfdmVyc2lvbiI6IjEifQ==",
          "dependencies": [
            "docker_container.elasticsearch-tf"
          ]
        }
      ]
    },
    {
      "mode": "managed",
      "type": "docker_container",
      "name": "metricbeat-tf",
      "provider": "provider.docker",
      "instances": [
        {
          "schema_version": 1,
          "attributes": {
            "attach": false,
            "bridge": "",
            "capabilities": [],
            "command": [
              "--strict.perms=false"
            ],
            "container_logs": null,
            "cpu_set": null,
            "cpu_shares": null,
            "destroy_grace_seconds": null,
            "devices": [],
            "dns": null,
            "dns_opts": null,
            "dns_search": null,
            "domainname": null,
            "entrypoint": null,
            "env": null,
            "exit_code": null,
            "gateway": "",
            "group_add": null,
            "healthcheck": [],
            "host": [],
            "hostname": null,
            "id": "85384d9b206779ec590633b57ed920422204d554128408c862548b8785d0daa1",
            "image": "docker.elastic.co/beats/metricbeat:7.4.2",
            "ip_address": "",
            "ip_prefix_length": 0,
            "ipc_mode": null,
            "labels": null,
            "links": null,
            "log_driver": "json-file",
            "log_opts": null,
            "logs": false,
            "max_retry_count": null,
            "memory": null,
            "memory_swap": null,
            "mounts": [],
            "must_run": true,
            "name": "metricbeat-host",
            "network_alias": null,
            "network_data": [
              {
                "gateway": "",
                "ip_address": "",
                "ip_prefix_length": 0,
                "network_name": "host"
              }
            ],
            "network_mode": "host",
            "networks": null,
            "networks_advanced": [],
            "pid_mode": null,
            "ports": [],
            "privileged": null,
            "publish_all_ports": null,
            "read_only": false,
            "restart": "no",
            "rm": false,
            "shm_size": null,
            "start": true,
            "sysctls": null,
            "tmpfs": null,
            "ulimit": [],
            "upload": [],
            "user": "root",
            "userns_mode": null,
            "volumes": [
              {
                "container_path": "/hostfs",
                "from_container": "",
                "host_path": "/",
                "read_only": true,
                "volume_name": ""
              },
              {
                "container_path": "/hostfs/proc",
                "from_container": "",
                "host_path": "/proc",
                "read_only": true,
                "volume_name": ""
              },
              {
                "container_path": "/hostfs/sys/fs/cgroup",
                "from_container": "",
                "host_path": "/sys/fs/cgroup",
                "read_only": true,
                "volume_name": ""
              },
              {
                "container_path": "/usr/share/metricbeat/metricbeat.yml",
                "from_container": "",
                "host_path": "/home/ftravaglia/work/docker/beats/metricbeats/metricbeat.yml",
                "read_only": true,
                "volume_name": ""
              },
              {
                "container_path": "/var/run/docker.sock",
                "from_container": "",
                "host_path": "/var/run/docker.sock",
                "read_only": true,
                "volume_name": ""
              }
            ],
            "working_dir": null
          },
          "private": "eyJzY2hlbWFfdmVyc2lvbiI6IjEifQ=="
        }
      ]
    },
    {
      "mode": "managed",
      "type": "docker_network",
      "name": "elk_network",
      "provider": "provider.docker",
      "instances": [
        {
          "schema_version": 0,
          "attributes": {
            "attachable": false,
            "check_duplicate": null,
            "driver": "bridge",
            "id": "212553806e743e73c464239389ea7b326f94439d8be4c9782f06348f9dc00625",
            "ingress": false,
            "internal": false,
            "ipam_config": [
              {
                "aux_address": {},
                "gateway": "172.20.0.1",
                "ip_range": "",
                "subnet": "172.20.0.0/16"
              }
            ],
            "ipam_driver": "default",
            "ipv6": false,
            "labels": {},
            "name": "esnet",
            "options": {},
            "scope": "local"
          },
          "private": "bnVsbA=="
        }
      ]
    },
    {
      "mode": "managed",
      "type": "docker_volume",
      "name": "esdata1",
      "provider": "provider.docker",
      "instances": [
        {
          "schema_version": 0,
          "attributes": {
            "driver": "local",
            "driver_opts": {},
            "id": "esdata1",
            "labels": {},
            "mountpoint": "/var/lib/docker/volumes/esdata1/_data",
            "name": "esdata1"
          },
          "private": "bnVsbA=="
        }
      ]
    }
  ]
}
